// !$*UTF8*$!
{
	archiveVersion = 1;
	classes = {
	};
	objectVersion = 77;
	objects = {

/* Begin PBXBuildFile section */
		C90B403B2FAB64DA0014B653 /* FamilyControls.framework in Frameworks */ = {isa = PBXBuildFile; fileRef = C90B403A2FAB64DA0014B653 /* FamilyControls.framework */; };
		C90B403F2FABAEDD0014B653 /* ManagedSettings.framework in Frameworks */ = {isa = PBXBuildFile; fileRef = C90B403E2FABAEDD0014B653 /* ManagedSettings.framework */; };
/* End PBXBuildFile section */

/* Begin PBXContainerItemProxy section */
		C910D2112FAA635D005C6123 /* PBXContainerItemProxy */ = {
			isa = PBXContainerItemProxy;
			containerPortal = C910D1FB2FAA635A005C6123 /* Project object */;
			proxyType = 1;
			remoteGlobalIDString = C910D2022FAA635A005C6123;
			remoteInfo = "A Way Out";
		};
		C910D21B2FAA635D005C6123 /* PBXContainerItemProxy */ = {
			isa = PBXContainerItemProxy;
			containerPortal = C910D1FB2FAA635A005C6123 /* Project object */;
			proxyType = 1;
			remoteGlobalIDString = C910D2022FAA635A005C6123;
			remoteInfo = "A Way Out";
		};
/* End PBXContainerItemProxy section */

/* Begin PBXFileReference section */
		C90B403A2FAB64DA0014B653 /* FamilyControls.framework */ = {isa = PBXFileReference; lastKnownFileType = wrapper.framework; name = FamilyControls.framework; path = System/Library/Frameworks/FamilyControls.framework; sourceTree = SDKROOT; };
		C90B403E2FABAEDD0014B653 /* ManagedSettings.framework */ = {isa = PBXFileReference; lastKnownFileType = wrapper.framework; name = ManagedSettings.framework; path = System/Library/Frameworks/ManagedSettings.framework; sourceTree = SDKROOT; };
		C910D2032FAA635A005C6123 /* A Way Out.app */ = {isa = PBXFileReference; explicitFileType = wrapper.application; includeInIndex = 0; path = "A Way Out.app"; sourceTree = BUILT_PRODUCTS_DIR; };
		C910D2102FAA635D005C6123 /* A Way OutTests.xctest */ = {isa = PBXFileReference; explicitFileType = wrapper.cfbundle; includeInIndex = 0; path = "A Way OutTests.xctest"; sourceTree = BUILT_PRODUCTS_DIR; };
		C910D21A2FAA635D005C6123 /* A Way OutUITests.xctest */ = {isa = PBXFileReference; explicitFileType = wrapper.cfbundle; includeInIndex = 0; path = "A Way OutUITests.xctest"; sourceTree = BUILT_PRODUCTS_DIR; };
/* End PBXFileReference section */

/* Begin PBXFileSystemSynchronizedRootGroup section */
		C910D2052FAA635A005C6123 /* A Way Out */ = {
			isa = PBXFileSystemSynchronizedRootGroup;
			path = "A Way Out";
			sourceTree = "<group>";
		};
		C910D2132FAA635D005C6123 /* A Way OutTests */ = {
			isa = PBXFileSystemSynchronizedRootGroup;
			path = "A Way OutTests";
			sourceTree = "<group>";
		};
		C910D21D2FAA635D005C6123 /* A Way OutUITests */ = {
			isa = PBXFileSystemSynchronizedRootGroup;
			path = "A Way OutUITests";
			sourceTree = "<group>";
		};
/* End PBXFileSystemSynchronizedRootGroup section */

/* Begin PBXFrameworksBuildPhase section */
		C910D2002FAA635A005C6123 /* Frameworks */ = {
			isa = PBXFrameworksBuildPhase;
			buildActionMask = 2147483647;
			files = (
				C90B403B2FAB64DA0014B653 /* FamilyControls.framework in Frameworks */,
				C90B403F2FABAEDD0014B653 /* ManagedSettings.framework in Frameworks */,
			);
			runOnlyForDeploymentPostprocessing = 0;
		};
		C910D20D2FAA635D005C6123 /* Frameworks */ = {
			isa = PBXFrameworksBuildPhase;
			buildActionMask = 2147483647;
			files = (
			);
			runOnlyForDeploymentPostprocessing = 0;
		};
		C910D2172FAA635D005C6123 /* Frameworks */ = {
			isa = PBXFrameworksBuildPhase;
			buildActionMask = 2147483647;
			files = (
			);
			runOnlyForDeploymentPostprocessing = 0;
		};
/* End PBXFrameworksBuildPhase section */

/* Begin PBXGroup section */
		C90B40392FAB64D90014B653 /* Frameworks */ = {
			isa = PBXGroup;
			children = (
				C90B403E2FABAEDD0014B653 /* ManagedSettings.framework */,
				C90B403A2FAB64DA0014B653 /* FamilyControls.framework */,
			);
			name = Frameworks;
			sourceTree = "<group>";
		};
		C910D1FA2FAA635A005C6123 = {
			isa = PBXGroup;
			children = (
				C910D2052FAA635A005C6123 /* A Way Out */,
				C910D2132FAA635D005C6123 /* A Way OutTests */,
				C910D21D2FAA635D005C6123 /* A Way OutUITests */,
				C90B40392FAB64D90014B653 /* Frameworks */,
				C910D2042FAA635A005C6123 /* Products */,
			);
			sourceTree = "<group>";
		};
		C910D2042FAA635A005C6123 /* Products */ = {
			isa = PBXGroup;
			children = (
				C910D2032FAA635A005C6123 /* A Way Out.app */,
				C910D2102FAA635D005C6123 /* A Way OutTests.xctest */,
				C910D21A2FAA635D005C6123 /* A Way OutUITests.xctest */,
			);
			name = Products;
			sourceTree = "<group>";
		};
/* End PBXGroup section */

/* Begin PBXNativeTarget section */
		C910D2022FAA635A005C6123 /* A Way Out */ = {
			isa = PBXNativeTarget;
			buildConfigurationList = C910D2242FAA635D005C6123 /* Build configuration list for PBXNativeTarget "A Way Out" */;
			buildPhases = (
				C910D1FF2FAA635A005C6123 /* Sources */,
				C910D2002FAA635A005C6123 /* Frameworks */,
				C910D2012FAA635A005C6123 /* Resources */,
			);
			buildRules = (
			);
			dependencies = (
			);
			fileSystemSynchronizedGroups = (
				C910D2052FAA635A005C6123 /* A Way Out */,
			);
			name = "A Way Out";
			packageProductDependencies = (
			);
			productName = "A Way Out";
			productReference = C910D2032FAA635A005C6123 /* A Way Out.app */;
			productType = "com.apple.product-type.application";
		};
		C910D20F2FAA635D005C6123 /* A Way OutTests */ = {
			isa = PBXNativeTarget;
			buildConfigurationList = C910D2272FAA635D005C6123 /* Build configuration list for PBXNativeTarget "A Way OutTests" */;
			buildPhases = (
				C910D20C2FAA635D005C6123 /* Sources */,
				C910D20D2FAA635D005C6123 /* Frameworks */,
				C910D20E2FAA635D005C6123 /* Resources */,
			);
			buildRules = (
			);
			dependencies = (
				C910D2122FAA635D005C6123 /* PBXTargetDependency */,
			);
			fileSystemSynchronizedGroups = (
				C910D2132FAA635D005C6123 /* A Way OutTests */,
			);
			name = "A Way OutTests";
			packageProductDependencies = (
			);
			productName = "A Way OutTests";
			productReference = C910D2102FAA635D005C6123 /* A Way OutTests.xctest */;
			productType = "com.apple.product-type.bundle.unit-test";
		};
		C910D2192FAA635D005C6123 /* A Way OutUITests */ = {
			isa = PBXNativeTarget;
			buildConfigurationList = C910D22A2FAA635D005C6123 /* Build configuration list for PBXNativeTarget "A Way OutUITests" */;
			buildPhases = (
				C910D2162FAA635D005C6123 /* Sources */,
				C910D2172FAA635D005C6123 /* Frameworks */,
				C910D2182FAA635D005C6123 /* Resources */,
			);
			buildRules = (
			);
			dependencies = (
				C910D21C2FAA635D005C6123 /* PBXTargetDependency */,
			);
			fileSystemSynchronizedGroups = (
				C910D21D2FAA635D005C6123 /* A Way OutUITests */,
			);
			name = "A Way OutUITests";
			packageProductDependencies = (
			);
			productName = "A Way OutUITests";
			productReference = C910D21A2FAA635D005C6123 /* A Way OutUITests.xctest */;
			productType = "com.apple.product-type.bundle.ui-testing";
		};
/* End PBXNativeTarget section */

/* Begin PBXProject section */
		C910D1FB2FAA635A005C6123 /* Project object */ = {
			isa = PBXProject;
			attributes = {
				BuildIndependentTargetsInParallel = 1;
				LastSwiftUpdateCheck = 2640;
				LastUpgradeCheck = 2640;
				TargetAttributes = {
					C910D2022FAA635A005C6123 = {
						CreatedOnToolsVersion = 26.4.1;
					};
					C910D20F2FAA635D005C6123 = {
						CreatedOnToolsVersion = 26.4.1;
						TestTargetID = C910D2022FAA635A005C6123;
					};
					C910D2192FAA635D005C6123 = {
						CreatedOnToolsVersion = 26.4.1;
						TestTargetID = C910D2022FAA635A005C6123;
					};
				};
			};
			buildConfigurationList = C910D1FE2FAA635A005C6123 /* Build configuration list for PBXProject "A Way Out" */;
			developmentRegion = en;
			hasScannedForEncodings = 0;
			knownRegions = (
				en,
				Base,
			);
			mainGroup = C910D1FA2FAA635A005C6123;
			minimizedProjectReferenceProxies = 1;
			preferredProjectObjectVersion = 77;
			productRefGroup = C910D2042FAA635A005C6123 /* Products */;
			projectDirPath = "";
			projectRoot = "";
			targets = (
				C910D2022FAA635A005C6123 /* A Way Out */,
				C910D20F2FAA635D005C6123 /* A Way OutTests */,
				C910D2192FAA635D005C6123 /* A Way OutUITests */,
			);
		};
/* End PBXProject section */

/* Begin PBXResourcesBuildPhase section */
		C910D2012FAA635A005C6123 /* Resources */ = {
			isa = PBXResourcesBuildPhase;
			buildActionMask = 2147483647;
			files = (
			);
			runOnlyForDeploymentPostprocessing = 0;
		};
		C910D20E2FAA635D005C6123 /* Resources */ = {
			isa = PBXResourcesBuildPhase;
			buildActionMask = 2147483647;
			files = (
			);
			runOnlyForDeploymentPostprocessing = 0;
		};
		C910D2182FAA635D005C6123 /* Resources */ = {
			isa = PBXResourcesBuildPhase;
			buildActionMask = 2147483647;
			files = (
			);
			runOnlyForDeploymentPostprocessing = 0;
		};
/* End PBXResourcesBuildPhase section */

/* Begin PBXSourcesBuildPhase section */
		C910D1FF2FAA635A005C6123 /* Sources */ = {
			isa = PBXSourcesBuildPhase;
			buildActionMask = 2147483647;
			files = (
			);
			runOnlyForDeploymentPostprocessing = 0;
		};
		C910D20C2FAA635D005C6123 /* Sources */ = {
			isa = PBXSourcesBuildPhase;
			buildActionMask = 2147483647;
			files = (
			);
			runOnlyForDeploymentPostprocessing = 0;
		};
		C910D2162FAA635D005C6123 /* Sources */ = {
			isa = PBXSourcesBuildPhase;
			buildActionMask = 2147483647;
			files = (
			);
			runOnlyForDeploymentPostprocessing = 0;
		};
/* End PBXSourcesBuildPhase section */

/* Begin PBXTargetDependency section */
		C910D2122FAA635D005C6123 /* PBXTargetDependency */ = {
			isa = PBXTargetDependency;
			target = C910D2022FAA635A005C6123 /* A Way Out */;
			targetProxy = C910D2112FAA635D005C6123 /* PBXContainerItemProxy */;
		};
		C910D21C2FAA635D005C6123 /* PBXTargetDependency */ = {
			isa = PBXTargetDependency;
			target = C910D2022FAA635A005C6123 /* A Way Out */;
			targetProxy = C910D21B2FAA635D005C6123 /* PBXContainerItemProxy */;
		};
/* End PBXTargetDependency section */

/* Begin XCBuildConfiguration section */
		C910D2222FAA635D005C6123 /* Debug */ = {
			isa = XCBuildConfiguration;
			buildSettings = {
				ALWAYS_SEARCH_USER_PATHS = NO;
				ASSETCATALOG_COMPILER_GENERATE_SWIFT_ASSET_SYMBOL_EXTENSIONS = YES;
				CLANG_ANALYZER_NONNULL = YES;
				CLANG_ANALYZER_NUMBER_OBJECT_CONVERSION = YES_AGGRESSIVE;
				CLANG_CXX_LANGUAGE_STANDARD = "gnu++20";
				CLANG_ENABLE_MODULES = YES;
				CLANG_ENABLE_OBJC_ARC = YES;
				CLANG_ENABLE_OBJC_WEAK = YES;
				CLANG_WARN_BLOCK_CAPTURE_AUTORELEASING = YES;
				CLANG_WARN_BOOL_CONVERSION = YES;
				CLANG_WARN_COMMA = YES;
				CLANG_WARN_CONSTANT_CONVERSION = YES;
				CLANG_WARN_DEPRECATED_OBJC_IMPLEMENTATIONS = YES;
				CLANG_WARN_DIRECT_OBJC_ISA_USAGE = YES_ERROR;
				CLANG_WARN_DOCUMENTATION_COMMENTS = YES;
				CLANG_WARN_EMPTY_BODY = YES;
				CLANG_WARN_ENUM_CONVERSION = YES;
				CLANG_WARN_INFINITE_RECURSION = YES;
				CLANG_WARN_INT_CONVERSION = YES;
				CLANG_WARN_NON_LITERAL_NULL_CONVERSION = YES;
				CLANG_WARN_OBJC_IMPLICIT_RETAIN_SELF = YES;
				CLANG_WARN_OBJC_LITERAL_CONVERSION = YES;
				CLANG_WARN_OBJC_ROOT_CLASS = YES_ERROR;
				CLANG_WARN_QUOTED_INCLUDE_IN_FRAMEWORK_HEADER = YES;
				CLANG_WARN_RANGE_LOOP_ANALYSIS = YES;
				CLANG_WARN_STRICT_PROTOTYPES = YES;
				CLANG_WARN_SUSPICIOUS_MOVE = YES;
				CLANG_WARN_UNGUARDED_AVAILABILITY = YES_AGGRESSIVE;
				CLANG_WARN_UNREACHABLE_CODE = YES;
				CLANG_WARN__DUPLICATE_METHOD_MATCH = YES;
				COPY_PHASE_STRIP = NO;
				DEBUG_INFORMATION_FORMAT = dwarf;
				DEVELOPMENT_TEAM = TAMQ259Y2Y;
				ENABLE_STRICT_OBJC_MSGSEND = YES;
				ENABLE_TESTABILITY = YES;
				ENABLE_USER_SCRIPT_SANDBOXING = YES;
				GCC_C_LANGUAGE_STANDARD = gnu17;
				GCC_DYNAMIC_NO_PIC = NO;
				GCC_NO_COMMON_BLOCKS = YES;
				GCC_OPTIMIZATION_LEVEL = 0;
				GCC_PREPROCESSOR_DEFINITIONS = (
					"DEBUG=1",
					"$(inherited)",
				);
				GCC_WARN_64_TO_32_BIT_CONVERSION = YES;
				GCC_WARN_ABOUT_RETURN_TYPE = YES_ERROR;
				GCC_WARN_UNDECLARED_SELECTOR = YES;
				GCC_WARN_UNINITIALIZED_AUTOS = YES_AGGRESSIVE;
				GCC_WARN_UNUSED_FUNCTION = YES;
				GCC_WARN_UNUSED_VARIABLE = YES;
				IPHONEOS_DEPLOYMENT_TARGET = 17.0;
				LOCALIZATION_PREFERS_STRING_CATALOGS = YES;
				MTL_ENABLE_DEBUG_INFO = INCLUDE_SOURCE;
				MTL_FAST_MATH = YES;
				ONLY_ACTIVE_ARCH = YES;
				SDKROOT = iphoneos;
				SWIFT_ACTIVE_COMPILATION_CONDITIONS = "DEBUG $(inherited)";
				SWIFT_OPTIMIZATION_LEVEL = "-Onone";
			};
			name = Debug;
		};
		C910D2232FAA635D005C6123 /* Release */ = {
			isa = XCBuildConfiguration;
			buildSettings = {
				ALWAYS_SEARCH_USER_PATHS = NO;
				ASSETCATALOG_COMPILER_GENERATE_SWIFT_ASSET_SYMBOL_EXTENSIONS = YES;
				CLANG_ANALYZER_NONNULL = YES;
				CLANG_ANALYZER_NUMBER_OBJECT_CONVERSION = YES_AGGRESSIVE;
				CLANG_CXX_LANGUAGE_STANDARD = "gnu++20";
				CLANG_ENABLE_MODULES = YES;
				CLANG_ENABLE_OBJC_ARC = YES;
				CLANG_ENABLE_OBJC_WEAK = YES;
				CLANG_WARN_BLOCK_CAPTURE_AUTORELEASING = YES;
				CLANG_WARN_BOOL_CONVERSION = YES;
				CLANG_WARN_COMMA = YES;
				CLANG_WARN_CONSTANT_CONVERSION = YES;
				CLANG_WARN_DEPRECATED_OBJC_IMPLEMENTATIONS = YES;
				CLANG_WARN_DIRECT_OBJC_ISA_USAGE = YES_ERROR;
				CLANG_WARN_DOCUMENTATION_COMMENTS = YES;
				CLANG_WARN_EMPTY_BODY = YES;
				CLANG_WARN_ENUM_CONVERSION = YES;
				CLANG_WARN_INFINITE_RECURSION = YES;
				CLANG_WARN_INT_CONVERSION = YES;
				CLANG_WARN_NON_LITERAL_NULL_CONVERSION = YES;
				CLANG_WARN_OBJC_IMPLICIT_RETAIN_SELF = YES;
				CLANG_WARN_OBJC_LITERAL_CONVERSION = YES;
				CLANG_WARN_OBJC_ROOT_CLASS = YES_ERROR;
				CLANG_WARN_QUOTED_INCLUDE_IN_FRAMEWORK_HEADER = YES;
				CLANG_WARN_RANGE_LOOP_ANALYSIS = YES;
				CLANG_WARN_STRICT_PROTOTYPES = YES;
				CLANG_WARN_SUSPICIOUS_MOVE = YES;
				CLANG_WARN_UNGUARDED_AVAILABILITY = YES_AGGRESSIVE;
				CLANG_WARN_UNREACHABLE_CODE = YES;
				CLANG_WARN__DUPLICATE_METHOD_MATCH = YES;
				COPY_PHASE_STRIP = NO;
				DEBUG_INFORMATION_FORMAT = "dwarf-with-dsym";
				DEVELOPMENT_TEAM = TAMQ259Y2Y;
				ENABLE_NS_ASSERTIONS = NO;
				ENABLE_STRICT_OBJC_MSGSEND = YES;
				ENABLE_USER_SCRIPT_SANDBOXING = YES;
				GCC_C_LANGUAGE_STANDARD = gnu17;
				GCC_NO_COMMON_BLOCKS = YES;
				GCC_WARN_64_TO_32_BIT_CONVERSION = YES;
				GCC_WARN_ABOUT_RETURN_TYPE = YES_ERROR;
				GCC_WARN_UNDECLARED_SELECTOR = YES;
				GCC_WARN_UNINITIALIZED_AUTOS = YES_AGGRESSIVE;
				GCC_WARN_UNUSED_FUNCTION = YES;
				GCC_WARN_UNUSED_VARIABLE = YES;
				IPHONEOS_DEPLOYMENT_TARGET = 17.0;
				LOCALIZATION_PREFERS_STRING_CATALOGS = YES;
				MTL_ENABLE_DEBUG_INFO = NO;
				MTL_FAST_MATH = YES;
				SDKROOT = iphoneos;
				SWIFT_COMPILATION_MODE = wholemodule;
				VALIDATE_PRODUCT = YES;
			};
			name = Release;
		};
		C910D2252FAA635D005C6123 /* Debug */ = {
			isa = XCBuildConfiguration;
			buildSettings = {
				ASSETCATALOG_COMPILER_APPICON_NAME = AppIcon;
				ASSETCATALOG_COMPILER_GLOBAL_ACCENT_COLOR_NAME = AccentColor;
				CODE_SIGN_ENTITLEMENTS = "A Way Out/A Way Out.entitlements";
				CODE_SIGN_STYLE = Automatic;
				CURRENT_PROJECT_VERSION = 1;
				DEVELOPMENT_TEAM = TAMQ259Y2Y;
				ENABLE_PREVIEWS = YES;
				GENERATE_INFOPLIST_FILE = YES;
				INFOPLIST_KEY_NFCReaderUsageDescription = "Scan your NFC tag to register.";
				INFOPLIST_KEY_UIApplicationSceneManifest_Generation = YES;
				INFOPLIST_KEY_UIApplicationSupportsIndirectInputEvents = YES;
				INFOPLIST_KEY_UILaunchScreen_Generation = YES;
				INFOPLIST_KEY_UISupportedInterfaceOrientations_iPad = "UIInterfaceOrientationPortrait UIInterfaceOrientationPortraitUpsideDown UIInterfaceOrientationLandscapeLeft UIInterfaceOrientationLandscapeRight";
				INFOPLIST_KEY_UISupportedInterfaceOrientations_iPhone = "UIInterfaceOrientationPortrait UIInterfaceOrientationLandscapeLeft UIInterfaceOrientationLandscapeRight";
				LD_RUNPATH_SEARCH_PATHS = (
					"$(inherited)",
					"@executable_path/Frameworks",
				);
				MARKETING_VERSION = 1.0;
				PRODUCT_BUNDLE_IDENTIFIER = "com.konyar.A-Way-Out";
				PRODUCT_NAME = "$(TARGET_NAME)";
				STRING_CATALOG_GENERATE_SYMBOLS = YES;
				SWIFT_APPROACHABLE_CONCURRENCY = YES;
				SWIFT_DEFAULT_ACTOR_ISOLATION = MainActor;
				SWIFT_EMIT_LOC_STRINGS = YES;
				SWIFT_UPCOMING_FEATURE_MEMBER_IMPORT_VISIBILITY = YES;
				SWIFT_VERSION = 5.0;
				TARGETED_DEVICE_FAMILY = "1,2";
			};
			name = Debug;
		};
		C910D2262FAA635D005C6123 /* Release */ = {
			isa = XCBuildConfiguration;
			buildSettings = {
				ASSETCATALOG_COMPILER_APPICON_NAME = AppIcon;
				ASSETCATALOG_COMPILER_GLOBAL_ACCENT_COLOR_NAME = AccentColor;
				CODE_SIGN_ENTITLEMENTS = "A Way Out/A Way Out.entitlements";
				CODE_SIGN_STYLE = Automatic;
				CURRENT_PROJECT_VERSION = 1;
				DEVELOPMENT_TEAM = TAMQ259Y2Y;
				ENABLE_PREVIEWS = YES;
				GENERATE_INFOPLIST_FILE = YES;
				INFOPLIST_KEY_NFCReaderUsageDescription = "Scan your NFC tag to register.";
				INFOPLIST_KEY_UIApplicationSceneManifest_Generation = YES;
				INFOPLIST_KEY_UIApplicationSupportsIndirectInputEvents = YES;
				INFOPLIST_KEY_UILaunchScreen_Generation = YES;
				INFOPLIST_KEY_UISupportedInterfaceOrientations_iPad = "UIInterfaceOrientationPortrait UIInterfaceOrientationPortraitUpsideDown UIInterfaceOrientationLandscapeLeft UIInterfaceOrientationLandscapeRight";
				INFOPLIST_KEY_UISupportedInterfaceOrientations_iPhone = "UIInterfaceOrientationPortrait UIInterfaceOrientationLandscapeLeft UIInterfaceOrientationLandscapeRight";
				LD_RUNPATH_SEARCH_PATHS = (
					"$(inherited)",
					"@executable_path/Frameworks",
				);
				MARKETING_VERSION = 1.0;
				PRODUCT_BUNDLE_IDENTIFIER = "com.konyar.A-Way-Out";
				PRODUCT_NAME = "$(TARGET_NAME)";
				STRING_CATALOG_GENERATE_SYMBOLS = YES;
				SWIFT_APPROACHABLE_CONCURRENCY = YES;
				SWIFT_DEFAULT_ACTOR_ISOLATION = MainActor;
				SWIFT_EMIT_LOC_STRINGS = YES;
				SWIFT_UPCOMING_FEATURE_MEMBER_IMPORT_VISIBILITY = YES;
				SWIFT_VERSION = 5.0;
				TARGETED_DEVICE_FAMILY = "1,2";
			};
			name = Release;
		};
		C910D2282FAA635D005C6123 /* Debug */ = {
			isa = XCBuildConfiguration;
			buildSettings = {
				BUNDLE_LOADER = "$(TEST_HOST)";
				CODE_SIGN_STYLE = Automatic;
				CURRENT_PROJECT_VERSION = 1;
				DEVELOPMENT_TEAM = TAMQ259Y2Y;
				GENERATE_INFOPLIST_FILE = YES;
				IPHONEOS_DEPLOYMENT_TARGET = 17.0;
				MARKETING_VERSION = 1.0;
				PRODUCT_BUNDLE_IDENTIFIER = "com.konyar.A-Way-OutTests";
				PRODUCT_NAME = "$(TARGET_NAME)";
				STRING_CATALOG_GENERATE_SYMBOLS = NO;
				SWIFT_APPROACHABLE_CONCURRENCY = YES;
				SWIFT_EMIT_LOC_STRINGS = NO;
				SWIFT_UPCOMING_FEATURE_MEMBER_IMPORT_VISIBILITY = YES;
				SWIFT_VERSION = 5.0;
				TARGETED_DEVICE_FAMILY = "1,2";
				TEST_HOST = "$(BUILT_PRODUCTS_DIR)/A Way Out.app/$(BUNDLE_EXECUTABLE_FOLDER_PATH)/A Way Out";
			};
			name = Debug;
		};
		C910D2292FAA635D005C6123 /* Release */ = {
			isa = XCBuildConfiguration;
			buildSettings = {
				BUNDLE_LOADER = "$(TEST_HOST)";
				CODE_SIGN_STYLE = Automatic;
				CURRENT_PROJECT_VERSION = 1;
				DEVELOPMENT_TEAM = TAMQ259Y2Y;
				GENERATE_INFOPLIST_FILE = YES;
				IPHONEOS_DEPLOYMENT_TARGET = 17.0;
				MARKETING_VERSION = 1.0;
				PRODUCT_BUNDLE_IDENTIFIER = "com.konyar.A-Way-OutTests";
				PRODUCT_NAME = "$(TARGET_NAME)";
				STRING_CATALOG_GENERATE_SYMBOLS = NO;
				SWIFT_APPROACHABLE_CONCURRENCY = YES;
				SWIFT_EMIT_LOC_STRINGS = NO;
				SWIFT_UPCOMING_FEATURE_MEMBER_IMPORT_VISIBILITY = YES;
				SWIFT_VERSION = 5.0;
				TARGETED_DEVICE_FAMILY = "1,2";
				TEST_HOST = "$(BUILT_PRODUCTS_DIR)/A Way Out.app/$(BUNDLE_EXECUTABLE_FOLDER_PATH)/A Way Out";
			};
			name = Release;
		};
		C910D22B2FAA635D005C6123 /* Debug */ = {
			isa = XCBuildConfiguration;
			buildSettings = {
				CODE_SIGN_STYLE = Automatic;
				CURRENT_PROJECT_VERSION = 1;
				DEVELOPMENT_TEAM = TAMQ259Y2Y;
				GENERATE_INFOPLIST_FILE = YES;
				MARKETING_VERSION = 1.0;
				PRODUCT_BUNDLE_IDENTIFIER = "com.konyar.A-Way-OutUITests";
				PRODUCT_NAME = "$(TARGET_NAME)";
				STRING_CATALOG_GENERATE_SYMBOLS = NO;
				SWIFT_APPROACHABLE_CONCURRENCY = YES;
				SWIFT_EMIT_LOC_STRINGS = NO;
				SWIFT_UPCOMING_FEATURE_MEMBER_IMPORT_VISIBILITY = YES;
				SWIFT_VERSION = 5.0;
				TARGETED_DEVICE_FAMILY = "1,2";
				TEST_TARGET_NAME = "A Way Out";
			};
			name = Debug;
		};
		C910D22C2FAA635D005C6123 /* Release */ = {
			isa = XCBuildConfiguration;
			buildSettings = {
				CODE_SIGN_STYLE = Automatic;
				CURRENT_PROJECT_VERSION = 1;
				DEVELOPMENT_TEAM = TAMQ259Y2Y;
				GENERATE_INFOPLIST_FILE = YES;
				MARKETING_VERSION = 1.0;
				PRODUCT_BUNDLE_IDENTIFIER = "com.konyar.A-Way-OutUITests";
				PRODUCT_NAME = "$(TARGET_NAME)";
				STRING_CATALOG_GENERATE_SYMBOLS = NO;
				SWIFT_APPROACHABLE_CONCURRENCY = YES;
				SWIFT_EMIT_LOC_STRINGS = NO;
				SWIFT_UPCOMING_FEATURE_MEMBER_IMPORT_VISIBILITY = YES;
				SWIFT_VERSION = 5.0;
				TARGETED_DEVICE_FAMILY = "1,2";
				TEST_TARGET_NAME = "A Way Out";
			};
			name = Release;
		};
/* End XCBuildConfiguration section */

/* Begin XCConfigurationList section */
		C910D1FE2FAA635A005C6123 /* Build configuration list for PBXProject "A Way Out" */ = {
			isa = XCConfigurationList;
			buildConfigurations = (
				C910D2222FAA635D005C6123 /* Debug */,
				C910D2232FAA635D005C6123 /* Release */,
			);
			defaultConfigurationIsVisible = 0;
			defaultConfigurationName = Release;
		};
		C910D2242FAA635D005C6123 /* Build configuration list for PBXNativeTarget "A Way Out" */ = {
			isa = XCConfigurationList;
			buildConfigurations = (
				C910D2252FAA635D005C6123 /* Debug */,
				C910D2262FAA635D005C6123 /* Release */,
			);
			defaultConfigurationIsVisible = 0;
			defaultConfigurationName = Release;
		};
		C910D2272FAA635D005C6123 /* Build configuration list for PBXNativeTarget "A Way OutTests" */ = {
			isa = XCConfigurationList;
			buildConfigurations = (
				C910D2282FAA635D005C6123 /* Debug */,
				C910D2292FAA635D005C6123 /* Release */,
			);
			defaultConfigurationIsVisible = 0;
			defaultConfigurationName = Release;
		};
		C910D22A2FAA635D005C6123 /* Build configuration list for PBXNativeTarget "A Way OutUITests" */ = {
			isa = XCConfigurationList;
			buildConfigurations = (
				C910D22B2FAA635D005C6123 /* Debug */,
				C910D22C2FAA635D005C6123 /* Release */,
			);
			defaultConfigurationIsVisible = 0;
			defaultConfigurationName = Release;
		};
/* End XCConfigurationList section */
	};
	rootObject = C910D1FB2FAA635A005C6123 /* Project object */;
}
